// !$*UTF8*$!
{
	archiveVersion = 1;
	classes = {
	};
	objectVersion = 55;
	objects = {

/* Begin PBXBuildFile section */
		A9EF1C46270A4BFB009EF6D8 /* AppDelegate.swift in Sources */ = {isa = PBXBuildFile; fileRef = A9EF1C45270A4BFB009EF6D8 /* AppDelegate.swift */; };
		A9EF1C48270A4BFB009EF6D8 /* BrowserViewController.swift in Sources */ = {isa = PBXBuildFile; fileRef = A9EF1C47270A4BFB009EF6D8 /* BrowserViewController.swift */; };
		A9EF1C4A270A4BFD009EF6D8 /* Assets.xcassets in Resources */ = {isa = PBXBuildFile; fileRef = A9EF1C49270A4BFD009EF6D8 /* Assets.xcassets */; };
		A9EF1C4D270A4BFD009EF6D8 /* Main.storyboard in Resources */ = {isa = PBXBuildFile; fileRef = A9EF1C4B270A4BFD009EF6D8 /* Main.storyboard */; };
		A9EF1C56270A4DAE009EF6D8 /* NSObject+configurable.swift in Sources */ = {isa = PBXBuildFile; fileRef = A9EF1C55270A4DAE009EF6D8 /* NSObject+configurable.swift */; };
		A9EF1C58270A4E04009EF6D8 /* BaseViewController.swift in Sources */ = {isa = PBXBuildFile; fileRef = A9EF1C57270A4E04009EF6D8 /* BaseViewController.swift */; };
		A9EF1C5B270A5A74009EF6D8 /* Squad.swift in Sources */ = {isa = PBXBuildFile; fileRef = A9EF1C5A270A5A74009EF6D8 /* Squad.swift */; };
		A9EF1C5D270A5B54009EF6D8 /* Inspectable.swift in Sources */ = {isa = PBXBuildFile; fileRef = A9EF1C5C270A5B54009EF6D8 /* Inspectable.swift */; };
		A9EF1C60270A5C24009EF6D8 /* HTTPService.swift in Sources */ = {isa = PBXBuildFile; fileRef = A9EF1C5F270A5C24009EF6D8 /* HTTPService.swift */; };
		A9EF1C62270A6D19009EF6D8 /* HTTPResponseParseOperation.swift in Sources */ = {isa = PBXBuildFile; fileRef = A9EF1C61270A6D19009EF6D8 /* HTTPResponseParseOperation.swift */; };
		A9EF1C66270B187E009EF6D8 /* AsyncOperation.swift in Sources */ = {isa = PBXBuildFile; fileRef = A9EF1C65270B187E009EF6D8 /* AsyncOperation.swift */; };
		A9EF1C68270B2560009EF6D8 /* AppState.swift in Sources */ = {isa = PBXBuildFile; fileRef = A9EF1C67270B2560009EF6D8 /* AppState.swift */; };
		A9EF1C71270B2B4D009EF6D8 /* HistoryViewController.swift in Sources */ = {isa = PBXBuildFile; fileRef = A9EF1C70270B2B4D009EF6D8 /* HistoryViewController.swift */; };
		A9EF1C73270B2B87009EF6D8 /* ResponseViewController.swift in Sources */ = {isa = PBXBuildFile; fileRef = A9EF1C72270B2B87009EF6D8 /* ResponseViewController.swift */; };
		A9EF1C75270B2C25009EF6D8 /* RequestViewController.swift in Sources */ = {isa = PBXBuildFile; fileRef = A9EF1C74270B2C25009EF6D8 /* RequestViewController.swift */; };
		A9EF1C77270B2E3B009EF6D8 /* RequestViewModel.swift in Sources */ = {isa = PBXBuildFile; fileRef = A9EF1C76270B2E3B009EF6D8 /* RequestViewModel.swift */; };
		A9EF1C79270B2FF3009EF6D8 /* ContentViewController.swift in Sources */ = {isa = PBXBuildFile; fileRef = A9EF1C78270B2FF3009EF6D8 /* ContentViewController.swift */; };
		A9EF1C7B270B348F009EF6D8 /* HistoryOutlineDataSource.swift in Sources */ = {isa = PBXBuildFile; fileRef = A9EF1C7A270B348F009EF6D8 /* HistoryOutlineDataSource.swift */; };
		A9EF1C7D270B36F2009EF6D8 /* BrowserWindow.swift in Sources */ = {isa = PBXBuildFile; fileRef = A9EF1C7C270B36F2009EF6D8 /* BrowserWindow.swift */; };
		A9EF1C80270B439E009EF6D8 /* RequestStateView.swift in Sources */ = {isa = PBXBuildFile; fileRef = A9EF1C7F270B439E009EF6D8 /* RequestStateView.swift */; };
		A9EF1C82270B43AF009EF6D8 /* BaseView.swift in Sources */ = {isa = PBXBuildFile; fileRef = A9EF1C81270B43AF009EF6D8 /* BaseView.swift */; };
		A9EF1C84270B4CFC009EF6D8 /* InspectableOutlineDataSource.swift in Sources */ = {isa = PBXBuildFile; fileRef = A9EF1C83270B4CFC009EF6D8 /* InspectableOutlineDataSource.swift */; };
		A9EF1C86270B5252009EF6D8 /* InspectableTextCellView.swift in Sources */ = {isa = PBXBuildFile; fileRef = A9EF1C85270B5252009EF6D8 /* InspectableTextCellView.swift */; };
		A9EF1C8C270B5EC2009EF6D8 /* HistoryCellView.swift in Sources */ = {isa = PBXBuildFile; fileRef = A9EF1C8B270B5EC2009EF6D8 /* HistoryCellView.swift */; };
		A9EF1C95270C5384009EF6D8 /* Request.swift in Sources */ = {isa = PBXBuildFile; fileRef = A9EF1C94270C5384009EF6D8 /* Request.swift */; };
/* End PBXBuildFile section */

/* Begin PBXFileReference section */
		A9EF1C42270A4BFB009EF6D8 /* Squaders.app */ = {isa = PBXFileReference; explicitFileType = wrapper.application; includeInIndex = 0; path = Squaders.app; sourceTree = BUILT_PRODUCTS_DIR; };
		A9EF1C45270A4BFB009EF6D8 /* AppDelegate.swift */ = {isa = PBXFileReference; lastKnownFileType = sourcecode.swift; path = AppDelegate.swift; sourceTree = "<group>"; };
		A9EF1C47270A4BFB009EF6D8 /* BrowserViewController.swift */ = {isa = PBXFileReference; lastKnownFileType = sourcecode.swift; path = BrowserViewController.swift; sourceTree = "<group>"; };
		A9EF1C49270A4BFD009EF6D8 /* Assets.xcassets */ = {isa = PBXFileReference; lastKnownFileType = folder.assetcatalog; path = Assets.xcassets; sourceTree = "<group>"; };
		A9EF1C4C270A4BFD009EF6D8 /* Base */ = {isa = PBXFileReference; lastKnownFileType = file.storyboard; name = Base; path = Base.lproj/Main.storyboard; sourceTree = "<group>"; };
		A9EF1C4E270A4BFD009EF6D8 /* Squaders.entitlements */ = {isa = PBXFileReference; lastKnownFileType = text.plist.entitlements; path = Squaders.entitlements; sourceTree = "<group>"; };
		A9EF1C55270A4DAE009EF6D8 /* NSObject+configurable.swift */ = {isa = PBXFileReference; lastKnownFileType = sourcecode.swift; path = "NSObject+configurable.swift"; sourceTree = "<group>"; };
		A9EF1C57270A4E04009EF6D8 /* BaseViewController.swift */ = {isa = PBXFileReference; lastKnownFileType = sourcecode.swift; path = BaseViewController.swift; sourceTree = "<group>"; };
		A9EF1C5A270A5A74009EF6D8 /* Squad.swift */ = {isa = PBXFileReference; lastKnownFileType = sourcecode.swift; path = Squad.swift; sourceTree = "<group>"; };
		A9EF1C5C270A5B54009EF6D8 /* Inspectable.swift */ = {isa = PBXFileReference; lastKnownFileType = sourcecode.swift; path = Inspectable.swift; sourceTree = "<group>"; };
		A9EF1C5F270A5C24009EF6D8 /* HTTPService.swift */ = {isa = PBXFileReference; lastKnownFileType = sourcecode.swift; path = HTTPService.swift; sourceTree = "<group>"; };
		A9EF1C61270A6D19009EF6D8 /* HTTPResponseParseOperation.swift */ = {isa = PBXFileReference; lastKnownFileType = sourcecode.swift; path = HTTPResponseParseOperation.swift; sourceTree = "<group>"; };
		A9EF1C65270B187E009EF6D8 /* AsyncOperation.swift */ = {isa = PBXFileReference; lastKnownFileType = sourcecode.swift; path = AsyncOperation.swift; sourceTree = "<group>"; };
		A9EF1C67270B2560009EF6D8 /* AppState.swift */ = {isa = PBXFileReference; lastKnownFileType = sourcecode.swift; path = AppState.swift; sourceTree = "<group>"; };
		A9EF1C70270B2B4D009EF6D8 /* HistoryViewController.swift */ = {isa = PBXFileReference; lastKnownFileType = sourcecode.swift; path = HistoryViewController.swift; sourceTree = "<group>"; };
		A9EF1C72270B2B87009EF6D8 /* ResponseViewController.swift */ = {isa = PBXFileReference; lastKnownFileType = sourcecode.swift; path = ResponseViewController.swift; sourceTree = "<group>"; };
		A9EF1C74270B2C25009EF6D8 /* RequestViewController.swift */ = {isa = PBXFileReference; lastKnownFileType = sourcecode.swift; path = RequestViewController.swift; sourceTree = "<group>"; };
		A9EF1C76270B2E3B009EF6D8 /* RequestViewModel.swift */ = {isa = PBXFileReference; lastKnownFileType = sourcecode.swift; path = RequestViewModel.swift; sourceTree = "<group>"; };
		A9EF1C78270B2FF3009EF6D8 /* ContentViewController.swift */ = {isa = PBXFileReference; lastKnownFileType = sourcecode.swift; path = ContentViewController.swift; sourceTree = "<group>"; };
		A9EF1C7A270B348F009EF6D8 /* HistoryOutlineDataSource.swift */ = {isa = PBXFileReference; lastKnownFileType = sourcecode.swift; path = HistoryOutlineDataSource.swift; sourceTree = "<group>"; };
		A9EF1C7C270B36F2009EF6D8 /* BrowserWindow.swift */ = {isa = PBXFileReference; lastKnownFileType = sourcecode.swift; path = BrowserWindow.swift; sourceTree = "<group>"; };
		A9EF1C7F270B439E009EF6D8 /* RequestStateView.swift */ = {isa = PBXFileReference; lastKnownFileType = sourcecode.swift; path = RequestStateView.swift; sourceTree = "<group>"; };
		A9EF1C81270B43AF009EF6D8 /* BaseView.swift */ = {isa = PBXFileReference; lastKnownFileType = sourcecode.swift; path = BaseView.swift; sourceTree = "<group>"; };
		A9EF1C83270B4CFC009EF6D8 /* InspectableOutlineDataSource.swift */ = {isa = PBXFileReference; lastKnownFileType = sourcecode.swift; path = InspectableOutlineDataSource.swift; sourceTree = "<group>"; };
		A9EF1C85270B5252009EF6D8 /* InspectableTextCellView.swift */ = {isa = PBXFileReference; lastKnownFileType = sourcecode.swift; path = InspectableTextCellView.swift; sourceTree = "<group>"; };
		A9EF1C8B270B5EC2009EF6D8 /* HistoryCellView.swift */ = {isa = PBXFileReference; lastKnownFileType = sourcecode.swift; path = HistoryCellView.swift; sourceTree = "<group>"; };
		A9EF1C94270C5384009EF6D8 /* Request.swift */ = {isa = PBXFileReference; lastKnownFileType = sourcecode.swift; path = Request.swift; sourceTree = "<group>"; };
/* End PBXFileReference section */

/* Begin PBXFrameworksBuildPhase section */
		A9EF1C3F270A4BFB009EF6D8 /* Frameworks */ = {
			isa = PBXFrameworksBuildPhase;
			buildActionMask = 2147483647;
			files = (
			);
			runOnlyForDeploymentPostprocessing = 0;
		};
/* End PBXFrameworksBuildPhase section */

/* Begin PBXGroup section */
		A9EF1C39270A4BFB009EF6D8 = {
			isa = PBXGroup;
			children = (
				A9EF1C44270A4BFB009EF6D8 /* Squaders */,
				A9EF1C43270A4BFB009EF6D8 /* Products */,
			);
			sourceTree = "<group>";
		};
		A9EF1C43270A4BFB009EF6D8 /* Products */ = {
			isa = PBXGroup;
			children = (
				A9EF1C42270A4BFB009EF6D8 /* Squaders.app */,
			);
			name = Products;
			sourceTree = "<group>";
		};
		A9EF1C44270A4BFB009EF6D8 /* Squaders */ = {
			isa = PBXGroup;
			children = (
				A9EF1C5E270A5C19009EF6D8 /* Services */,
				A9EF1C59270A5A46009EF6D8 /* Models */,
				A9EF1C54270A4D9E009EF6D8 /* Helpers */,
				A9EF1C6F270B2B40009EF6D8 /* Features */,
				A9EF1C45270A4BFB009EF6D8 /* AppDelegate.swift */,
				A9EF1C49270A4BFD009EF6D8 /* Assets.xcassets */,
				A9EF1C4B270A4BFD009EF6D8 /* Main.storyboard */,
				A9EF1C4E270A4BFD009EF6D8 /* Squaders.entitlements */,
			);
			path = Squaders;
			sourceTree = "<group>";
		};
		A9EF1C54270A4D9E009EF6D8 /* Helpers */ = {
			isa = PBXGroup;
			children = (
				A9EF1C55270A4DAE009EF6D8 /* NSObject+configurable.swift */,
				A9EF1C57270A4E04009EF6D8 /* BaseViewController.swift */,
				A9EF1C65270B187E009EF6D8 /* AsyncOperation.swift */,
				A9EF1C81270B43AF009EF6D8 /* BaseView.swift */,
			);
			path = Helpers;
			sourceTree = "<group>";
		};
		A9EF1C59270A5A46009EF6D8 /* Models */ = {
			isa = PBXGroup;
			children = (
				A9EF1C5A270A5A74009EF6D8 /* Squad.swift */,
				A9EF1C5C270A5B54009EF6D8 /* Inspectable.swift */,
				A9EF1C67270B2560009EF6D8 /* AppState.swift */,
				A9EF1C94270C5384009EF6D8 /* Request.swift */,
			);
			path = Models;
			sourceTree = "<group>";
		};
		A9EF1C5E270A5C19009EF6D8 /* Services */ = {
			isa = PBXGroup;
			children = (
				A9EF1C5F270A5C24009EF6D8 /* HTTPService.swift */,
				A9EF1C61270A6D19009EF6D8 /* HTTPResponseParseOperation.swift */,
			);
			path = Services;
			sourceTree = "<group>";
		};
		A9EF1C6F270B2B40009EF6D8 /* Features */ = {
			isa = PBXGroup;
			children = (
				A9EF1C8D270B60C0009EF6D8 /* History */,
				A9EF1C7E270B4385009EF6D8 /* Request */,
				A9EF1C47270A4BFB009EF6D8 /* BrowserViewController.swift */,
				A9EF1C78270B2FF3009EF6D8 /* ContentViewController.swift */,
				A9EF1C7C270B36F2009EF6D8 /* BrowserWindow.swift */,
			);
			path = Features;
			sourceTree = "<group>";
		};
		A9EF1C7E270B4385009EF6D8 /* Request */ = {
			isa = PBXGroup;
			children = (
				A9EF1C72270B2B87009EF6D8 /* ResponseViewController.swift */,
				A9EF1C74270B2C25009EF6D8 /* RequestViewController.swift */,
				A9EF1C76270B2E3B009EF6D8 /* RequestViewModel.swift */,
				A9EF1C7F270B439E009EF6D8 /* RequestStateView.swift */,
				A9EF1C83270B4CFC009EF6D8 /* InspectableOutlineDataSource.swift */,
				A9EF1C85270B5252009EF6D8 /* InspectableTextCellView.swift */,
			);
			path = Request;
			sourceTree = "<group>";
		};
		A9EF1C8D270B60C0009EF6D8 /* History */ = {
			isa = PBXGroup;
			children = (
				A9EF1C70270B2B4D009EF6D8 /* HistoryViewController.swift */,
				A9EF1C7A270B348F009EF6D8 /* HistoryOutlineDataSource.swift */,
				A9EF1C8B270B5EC2009EF6D8 /* HistoryCellView.swift */,
			);
			path = History;
			sourceTree = "<group>";
		};
/* End PBXGroup section */

/* Begin PBXNativeTarget section */
		A9EF1C41270A4BFB009EF6D8 /* Squaders */ = {
			isa = PBXNativeTarget;
			buildConfigurationList = A9EF1C51270A4BFD009EF6D8 /* Build configuration list for PBXNativeTarget "Squaders" */;
			buildPhases = (
				A9EF1C3E270A4BFB009EF6D8 /* Sources */,
				A9EF1C3F270A4BFB009EF6D8 /* Frameworks */,
				A9EF1C40270A4BFB009EF6D8 /* Resources */,
			);
			buildRules = (
			);
			dependencies = (
			);
			name = Squaders;
			productName = Squaders;
			productReference = A9EF1C42270A4BFB009EF6D8 /* Squaders.app */;
			productType = "com.apple.product-type.application";
		};
/* End PBXNativeTarget section */

/* Begin PBXProject section */
		A9EF1C3A270A4BFB009EF6D8 /* Project object */ = {
			isa = PBXProject;
			attributes = {
				BuildIndependentTargetsInParallel = 1;
				LastSwiftUpdateCheck = 1300;
				LastUpgradeCheck = 1300;
				TargetAttributes = {
					A9EF1C41270A4BFB009EF6D8 = {
						CreatedOnToolsVersion = 13.0;
					};
				};
			};
			buildConfigurationList = A9EF1C3D270A4BFB009EF6D8 /* Build configuration list for PBXProject "Squaders" */;
			compatibilityVersion = "Xcode 13.0";
			developmentRegion = en;
			hasScannedForEncodings = 0;
			knownRegions = (
				en,
				Base,
			);
			mainGroup = A9EF1C39270A4BFB009EF6D8;
			productRefGroup = A9EF1C43270A4BFB009EF6D8 /* Products */;
			projectDirPath = "";
			projectRoot = "";
			targets = (
				A9EF1C41270A4BFB009EF6D8 /* Squaders */,
			);
		};
/* End PBXProject section */

/* Begin PBXResourcesBuildPhase section */
		A9EF1C40270A4BFB009EF6D8 /* Resources */ = {
			isa = PBXResourcesBuildPhase;
			buildActionMask = 2147483647;
			files = (
				A9EF1C4A270A4BFD009EF6D8 /* Assets.xcassets in Resources */,
				A9EF1C4D270A4BFD009EF6D8 /* Main.storyboard in Resources */,
			);
			runOnlyForDeploymentPostprocessing = 0;
		};
/* End PBXResourcesBuildPhase section */

/* Begin PBXSourcesBuildPhase section */
		A9EF1C3E270A4BFB009EF6D8 /* Sources */ = {
			isa = PBXSourcesBuildPhase;
			buildActionMask = 2147483647;
			files = (
				A9EF1C5D270A5B54009EF6D8 /* Inspectable.swift in Sources */,
				A9EF1C7D270B36F2009EF6D8 /* BrowserWindow.swift in Sources */,
				A9EF1C48270A4BFB009EF6D8 /* BrowserViewController.swift in Sources */,
				A9EF1C86270B5252009EF6D8 /* InspectableTextCellView.swift in Sources */,
				A9EF1C79270B2FF3009EF6D8 /* ContentViewController.swift in Sources */,
				A9EF1C8C270B5EC2009EF6D8 /* HistoryCellView.swift in Sources */,
				A9EF1C75270B2C25009EF6D8 /* RequestViewController.swift in Sources */,
				A9EF1C58270A4E04009EF6D8 /* BaseViewController.swift in Sources */,
				A9EF1C56270A4DAE009EF6D8 /* NSObject+configurable.swift in Sources */,
				A9EF1C77270B2E3B009EF6D8 /* RequestViewModel.swift in Sources */,
				A9EF1C71270B2B4D009EF6D8 /* HistoryViewController.swift in Sources */,
				A9EF1C95270C5384009EF6D8 /* Request.swift in Sources */,
				A9EF1C80270B439E009EF6D8 /* RequestStateView.swift in Sources */,
				A9EF1C62270A6D19009EF6D8 /* HTTPResponseParseOperation.swift in Sources */,
				A9EF1C68270B2560009EF6D8 /* AppState.swift in Sources */,
				A9EF1C60270A5C24009EF6D8 /* HTTPService.swift in Sources */,
				A9EF1C46270A4BFB009EF6D8 /* AppDelegate.swift in Sources */,
				A9EF1C7B270B348F009EF6D8 /* HistoryOutlineDataSource.swift in Sources */,
				A9EF1C66270B187E009EF6D8 /* AsyncOperation.swift in Sources */,
				A9EF1C84270B4CFC009EF6D8 /* InspectableOutlineDataSource.swift in Sources */,
				A9EF1C82270B43AF009EF6D8 /* BaseView.swift in Sources */,
				A9EF1C5B270A5A74009EF6D8 /* Squad.swift in Sources */,
				A9EF1C73270B2B87009EF6D8 /* ResponseViewController.swift in Sources */,
			);
			runOnlyForDeploymentPostprocessing = 0;
		};
/* End PBXSourcesBuildPhase section */

/* Begin PBXVariantGroup section */
		A9EF1C4B270A4BFD009EF6D8 /* Main.storyboard */ = {
			isa = PBXVariantGroup;
			children = (
				A9EF1C4C270A4BFD009EF6D8 /* Base */,
			);
			name = Main.storyboard;
			sourceTree = "<group>";
		};
/* End PBXVariantGroup section */

/* Begin XCBuildConfiguration section */
		A9EF1C4F270A4BFD009EF6D8 /* Debug */ = {
			isa = XCBuildConfiguration;
			buildSettings = {
				ALWAYS_SEARCH_USER_PATHS = NO;
				CLANG_ANALYZER_NONNULL = YES;
				CLANG_ANALYZER_NUMBER_OBJECT_CONVERSION = YES_AGGRESSIVE;
				CLANG_CXX_LANGUAGE_STANDARD = "gnu++17";
				CLANG_CXX_LIBRARY = "libc++";
				CLANG_ENABLE_MODULES = YES;
				CLANG_ENABLE_OBJC_ARC = YES;
				CLANG_ENABLE_OBJC_WEAK = YES;
				CLANG_WARN_BLOCK_CAPTURE_AUTORELEASING = YES;
				CLANG_WARN_BOOL_CONVERSION = YES;
				CLANG_WARN_COMMA = YES;
				CLANG_WARN_CONSTANT_CONVERSION = YES;
				CLANG_WARN_DEPRECATED_OBJC_IMPLEMENTATIONS = YES;
				CLANG_WARN_DIRECT_OBJC_ISA_USAGE = YES_ERROR;
				CLANG_WARN_DOCUMENTATION_COMMENTS = YES;
				CLANG_WARN_EMPTY_BODY = YES;
				CLANG_WARN_ENUM_CONVERSION = YES;
				CLANG_WARN_INFINITE_RECURSION = YES;
				CLANG_WARN_INT_CONVERSION = YES;
				CLANG_WARN_NON_LITERAL_NULL_CONVERSION = YES;
				CLANG_WARN_OBJC_IMPLICIT_RETAIN_SELF = YES;
				CLANG_WARN_OBJC_LITERAL_CONVERSION = YES;
				CLANG_WARN_OBJC_ROOT_CLASS = YES_ERROR;
				CLANG_WARN_QUOTED_INCLUDE_IN_FRAMEWORK_HEADER = YES;
				CLANG_WARN_RANGE_LOOP_ANALYSIS = YES;
				CLANG_WARN_STRICT_PROTOTYPES = YES;
				CLANG_WARN_SUSPICIOUS_MOVE = YES;
				CLANG_WARN_UNGUARDED_AVAILABILITY = YES_AGGRESSIVE;
				CLANG_WARN_UNREACHABLE_CODE = YES;
				CLANG_WARN__DUPLICATE_METHOD_MATCH = YES;
				COPY_PHASE_STRIP = NO;
				DEBUG_INFORMATION_FORMAT = dwarf;
				ENABLE_STRICT_OBJC_MSGSEND = YES;
				ENABLE_TESTABILITY = YES;
				GCC_C_LANGUAGE_STANDARD = gnu11;
				GCC_DYNAMIC_NO_PIC = NO;
				GCC_NO_COMMON_BLOCKS = YES;
				GCC_OPTIMIZATION_LEVEL = 0;
				GCC_PREPROCESSOR_DEFINITIONS = (
					"DEBUG=1",
					"$(inherited)",
				);
				GCC_WARN_64_TO_32_BIT_CONVERSION = YES;
				GCC_WARN_ABOUT_RETURN_TYPE = YES_ERROR;
				GCC_WARN_UNDECLARED_SELECTOR = YES;
				GCC_WARN_UNINITIALIZED_AUTOS = YES_AGGRESSIVE;
				GCC_WARN_UNUSED_FUNCTION = YES;
				GCC_WARN_UNUSED_VARIABLE = YES;
				MACOSX_DEPLOYMENT_TARGET = 11.3;
				MTL_ENABLE_DEBUG_INFO = INCLUDE_SOURCE;
				MTL_FAST_MATH = YES;
				ONLY_ACTIVE_ARCH = YES;
				SDKROOT = macosx;
				SWIFT_ACTIVE_COMPILATION_CONDITIONS = DEBUG;
				SWIFT_OPTIMIZATION_LEVEL = "-Onone";
			};
			name = Debug;
		};
		A9EF1C50270A4BFD009EF6D8 /* Release */ = {
			isa = XCBuildConfiguration;
			buildSettings = {
				ALWAYS_SEARCH_USER_PATHS = NO;
				CLANG_ANALYZER_NONNULL = YES;
				CLANG_ANALYZER_NUMBER_OBJECT_CONVERSION = YES_AGGRESSIVE;
				CLANG_CXX_LANGUAGE_STANDARD = "gnu++17";
				CLANG_CXX_LIBRARY = "libc++";
				CLANG_ENABLE_MODULES = YES;
				CLANG_ENABLE_OBJC_ARC = YES;
				CLANG_ENABLE_OBJC_WEAK = YES;
				CLANG_WARN_BLOCK_CAPTURE_AUTORELEASING = YES;
				CLANG_WARN_BOOL_CONVERSION = YES;
				CLANG_WARN_COMMA = YES;
				CLANG_WARN_CONSTANT_CONVERSION = YES;
				CLANG_WARN_DEPRECATED_OBJC_IMPLEMENTATIONS = YES;
				CLANG_WARN_DIRECT_OBJC_ISA_USAGE = YES_ERROR;
				CLANG_WARN_DOCUMENTATION_COMMENTS = YES;
				CLANG_WARN_EMPTY_BODY = YES;
				CLANG_WARN_ENUM_CONVERSION = YES;
				CLANG_WARN_INFINITE_RECURSION = YES;
				CLANG_WARN_INT_CONVERSION = YES;
				CLANG_WARN_NON_LITERAL_NULL_CONVERSION = YES;
				CLANG_WARN_OBJC_IMPLICIT_RETAIN_SELF = YES;
				CLANG_WARN_OBJC_LITERAL_CONVERSION = YES;
				CLANG_WARN_OBJC_ROOT_CLASS = YES_ERROR;
				CLANG_WARN_QUOTED_INCLUDE_IN_FRAMEWORK_HEADER = YES;
				CLANG_WARN_RANGE_LOOP_ANALYSIS = YES;
				CLANG_WARN_STRICT_PROTOTYPES = YES;
				CLANG_WARN_SUSPICIOUS_MOVE = YES;
				CLANG_WARN_UNGUARDED_AVAILABILITY = YES_AGGRESSIVE;
				CLANG_WARN_UNREACHABLE_CODE = YES;
				CLANG_WARN__DUPLICATE_METHOD_MATCH = YES;
				COPY_PHASE_STRIP = NO;
				DEBUG_INFORMATION_FORMAT = "dwarf-with-dsym";
				ENABLE_NS_ASSERTIONS = NO;
				ENABLE_STRICT_OBJC_MSGSEND = YES;
				GCC_C_LANGUAGE_STANDARD = gnu11;
				GCC_NO_COMMON_BLOCKS = YES;
				GCC_WARN_64_TO_32_BIT_CONVERSION = YES;
				GCC_WARN_ABOUT_RETURN_TYPE = YES_ERROR;
				GCC_WARN_UNDECLARED_SELECTOR = YES;
				GCC_WARN_UNINITIALIZED_AUTOS = YES_AGGRESSIVE;
				GCC_WARN_UNUSED_FUNCTION = YES;
				GCC_WARN_UNUSED_VARIABLE = YES;
				MACOSX_DEPLOYMENT_TARGET = 11.3;
				MTL_ENABLE_DEBUG_INFO = NO;
				MTL_FAST_MATH = YES;
				SDKROOT = macosx;
				SWIFT_COMPILATION_MODE = wholemodule;
				SWIFT_OPTIMIZATION_LEVEL = "-O";
			};
			name = Release;
		};
		A9EF1C52270A4BFD009EF6D8 /* Debug */ = {
			isa = XCBuildConfiguration;
			buildSettings = {
				ASSETCATALOG_COMPILER_APPICON_NAME = AppIcon;
				ASSETCATALOG_COMPILER_GLOBAL_ACCENT_COLOR_NAME = AccentColor;
				CODE_SIGN_ENTITLEMENTS = Squaders/Squaders.entitlements;
				CODE_SIGN_STYLE = Automatic;
				COMBINE_HIDPI_IMAGES = YES;
				CURRENT_PROJECT_VERSION = 1;
				DEVELOPMENT_TEAM = 8STHWE4QY7;
				ENABLE_HARDENED_RUNTIME = YES;
				GENERATE_INFOPLIST_FILE = YES;
				INFOPLIST_KEY_NSHumanReadableCopyright = "";
				INFOPLIST_KEY_NSMainStoryboardFile = Main;
				INFOPLIST_KEY_NSPrincipalClass = NSApplication;
				LD_RUNPATH_SEARCH_PATHS = (
					"$(inherited)",
					"@executable_path/../Frameworks",
				);
				MARKETING_VERSION = 1.0;
				PRODUCT_BUNDLE_IDENTIFIER = io.umurgdk.Squaders;
				PRODUCT_NAME = "$(TARGET_NAME)";
				SWIFT_EMIT_LOC_STRINGS = YES;
				SWIFT_VERSION = 5.0;
			};
			name = Debug;
		};
		A9EF1C53270A4BFD009EF6D8 /* Release */ = {
			isa = XCBuildConfiguration;
			buildSettings = {
				ASSETCATALOG_COMPILER_APPICON_NAME = AppIcon;
				ASSETCATALOG_COMPILER_GLOBAL_ACCENT_COLOR_NAME = AccentColor;
				CODE_SIGN_ENTITLEMENTS = Squaders/Squaders.entitlements;
				CODE_SIGN_STYLE = Automatic;
				COMBINE_HIDPI_IMAGES = YES;
				CURRENT_PROJECT_VERSION = 1;
				DEVELOPMENT_TEAM = 8STHWE4QY7;
				ENABLE_HARDENED_RUNTIME = YES;
				GENERATE_INFOPLIST_FILE = YES;
				INFOPLIST_KEY_NSHumanReadableCopyright = "";
				INFOPLIST_KEY_NSMainStoryboardFile = Main;
				INFOPLIST_KEY_NSPrincipalClass = NSApplication;
				LD_RUNPATH_SEARCH_PATHS = (
					"$(inherited)",
					"@executable_path/../Frameworks",
				);
				MARKETING_VERSION = 1.0;
				PRODUCT_BUNDLE_IDENTIFIER = io.umurgdk.Squaders;
				PRODUCT_NAME = "$(TARGET_NAME)";
				SWIFT_EMIT_LOC_STRINGS = YES;
				SWIFT_VERSION = 5.0;
			};
			name = Release;
		};
/* End XCBuildConfiguration section */

/* Begin XCConfigurationList section */
		A9EF1C3D270A4BFB009EF6D8 /* Build configuration list for PBXProject "Squaders" */ = {
			isa = XCConfigurationList;
			buildConfigurations = (
				A9EF1C4F270A4BFD009EF6D8 /* Debug */,
				A9EF1C50270A4BFD009EF6D8 /* Release */,
			);
			defaultConfigurationIsVisible = 0;
			defaultConfigurationName = Release;
		};
		A9EF1C51270A4BFD009EF6D8 /* Build configuration list for PBXNativeTarget "Squaders" */ = {
			isa = XCConfigurationList;
			buildConfigurations = (
				A9EF1C52270A4BFD009EF6D8 /* Debug */,
				A9EF1C53270A4BFD009EF6D8 /* Release */,
			);
			defaultConfigurationIsVisible = 0;
			defaultConfigurationName = Release;
		};
/* End XCConfigurationList section */
	};
	rootObject = A9EF1C3A270A4BFB009EF6D8 /* Project object */;
}
